{
  "name": "tailcall",
  "lockfileVersion": 3,
  "requires": true,
  "packages": {
    "": {
      "name": "tailcall",
      "license": "ISC",
      "dependencies": {
        "@tailcallhq/tailcall": "0.99.19"
      }
    },
    "node_modules/@scarf/scarf": {
      "version": "1.3.0",
      "resolved": "https://registry.npmjs.org/@scarf/scarf/-/scarf-1.3.0.tgz",
      "integrity": "sha512-lHKK8M5CTcpFj2hZDB3wIjb0KAbEOgDmiJGDv1WBRfQgRm/a8/XMEkG/N1iM01xgbUDsPQwi42D+dFo1XPAKew==",
      "hasInstallScript": true
    },
    "node_modules/@tailcallhq/core-darwin-arm64": {
      "version": "0.99.19",
      "resolved": "https://registry.npmjs.org/@tailcallhq/core-darwin-arm64/-/core-darwin-arm64-0.99.19.tgz",
      "integrity": "sha512-w83K1HJF7UnQhph72aAK4PDFC1lb6m5936X4JJkop0enPTQKWCGIbwfBL6gpmkHGostZrD7yQ5JAXLtnilhmWA==",
      "cpu": [
        "arm64"
      ],
      "license": "Apache-2.0",
      "optional": true,
      "os": [
        "darwin"
      ],
      "bin": {
        "tailcall": "bin/tailcall"
      }
    },
    "node_modules/@tailcallhq/core-darwin-x64": {
      "version": "0.99.19",
      "resolved": "https://registry.npmjs.org/@tailcallhq/core-darwin-x64/-/core-darwin-x64-0.99.19.tgz",
      "integrity": "sha512-eUIuKup7yki0IBQdnShw/EZmhsb9H85vcyLJd8PerViKOFmONuTA53va57CzOJPl2MtTJChIOwwb0GtThStA6w==",
      "cpu": [
        "x64"
      ],
      "license": "Apache-2.0",
      "optional": true,
      "os": [
        "darwin"
      ],
      "bin": {
        "tailcall": "bin/tailcall"
      }
    },
    "node_modules/@tailcallhq/core-linux-arm64-gnu": {
      "version": "0.99.19",
      "resolved": "https://registry.npmjs.org/@tailcallhq/core-linux-arm64-gnu/-/core-linux-arm64-gnu-0.99.19.tgz",
      "integrity": "sha512-beBPIGzf2kcDR9bjhcF8Iqw08Dm6v4EjHaPRm0Su2ModIOOPF5ZlNNbHrDqtZ7mow5j/fsZn/EabvyTkpowhkA==",
      "cpu": [
        "arm64"
      ],
      "license": "Apache-2.0",
      "optional": true,
      "os": [
        "linux"
      ],
      "bin": {
        "tailcall": "bin/tailcall"
      }
    },
    "node_modules/@tailcallhq/core-linux-arm64-musl": {
      "version": "0.99.19",
      "resolved": "https://registry.npmjs.org/@tailcallhq/core-linux-arm64-musl/-/core-linux-arm64-musl-0.99.19.tgz",
      "integrity": "sha512-DPmWsM/LDFYBdH0UP1l1C7z3sitKq7QI5YnB4FJGYnPQbpSySoCX2IIkqfCYtbIPEv0BFyU9GzpBoaZCuC+1nQ==",
      "cpu": [
        "arm64"
      ],
      "license": "Apache-2.0",
      "optional": true,
      "os": [
        "linux"
      ],
      "bin": {
        "tailcall": "bin/tailcall"
      }
    },
    "node_modules/@tailcallhq/core-linux-ia32-gnu": {
      "version": "0.99.19",
      "resolved": "https://registry.npmjs.org/@tailcallhq/core-linux-ia32-gnu/-/core-linux-ia32-gnu-0.99.19.tgz",
      "integrity": "sha512-Y0KnoaxcgJYnrxQ3Ul79zSFRkfiuR4Q1r9TfbdRaR7htdoO29fxi5cod9ttTkLtRyIgqWJnTfQ0vOVebHDxqDg==",
      "cpu": [
        "ia32"
      ],
      "license": "Apache-2.0",
      "optional": true,
      "os": [
        "linux"
      ],
      "bin": {
        "tailcall": "bin/tailcall"
      }
    },
    "node_modules/@tailcallhq/core-linux-x64-gnu": {
      "version": "0.99.19",
      "resolved": "https://registry.npmjs.org/@tailcallhq/core-linux-x64-gnu/-/core-linux-x64-gnu-0.99.19.tgz",
      "integrity": "sha512-xdazRb6Ye6d6culndPaMvK2enRoDyFAwDAXJRYerC1n1CfC6RMeuNdaYYPujJTvCRNrvWsxTGqaWNNb8CUQjvQ==",
      "cpu": [
        "x64"
      ],
      "license": "Apache-2.0",
      "optional": true,
      "os": [
        "linux"
      ],
      "bin": {
        "tailcall": "bin/tailcall"
      }
    },
    "node_modules/@tailcallhq/core-linux-x64-musl": {
      "version": "0.99.19",
      "resolved": "https://registry.npmjs.org/@tailcallhq/core-linux-x64-musl/-/core-linux-x64-musl-0.99.19.tgz",
      "integrity": "sha512-cp7EWdxUK8UnYN0XRb/zX3FgBzjJor+pz5d3UQsyiRQzsqLVFT5wGHIbXLMWupVe3vjO8BPC+ZdHDh2czaUd/Q==",
      "cpu": [
        "x64"
      ],
      "license": "Apache-2.0",
      "optional": true,
      "os": [
        "linux"
      ],
      "bin": {
        "tailcall": "bin/tailcall"
      }
    },
    "node_modules/@tailcallhq/core-win32-arm64-msvc": {
      "version": "0.99.19",
      "resolved": "https://registry.npmjs.org/@tailcallhq/core-win32-arm64-msvc/-/core-win32-arm64-msvc-0.99.19.tgz",
      "integrity": "sha512-fD0s3QSUq55tID6wLB5/f83qv5lHoS99kkddg1mc5DRxWkAvmNfAiW/K/3Jh/3w32I4/wqDLrUIsmoqTf0Yx+g==",
      "cpu": [
        "arm64"
      ],
      "license": "Apache-2.0",
      "optional": true,
      "os": [
        "win32"
      ],
      "bin": {
        "tailcall": "bin/tailcall.exe"
      }
    },
    "node_modules/@tailcallhq/core-win32-ia32-msvc": {
      "version": "0.99.19",
      "resolved": "https://registry.npmjs.org/@tailcallhq/core-win32-ia32-msvc/-/core-win32-ia32-msvc-0.99.19.tgz",
      "integrity": "sha512-EXAJEIZI8nsbqcdWMg4U8rxSqVqfrIMKoOt6Z0Nx9xGHoo0Vdtvcq8rg6muIM9mFQ209OBxSmnBuuiZVpTA1cg==",
      "cpu": [
        "ia32"
      ],
      "license": "Apache-2.0",
      "optional": true,
      "os": [
        "win32"
      ],
      "bin": {
        "tailcall": "bin/tailcall.exe"
      }
    },
    "node_modules/@tailcallhq/core-win32-x64-msvc": {
      "version": "0.99.19",
      "resolved": "https://registry.npmjs.org/@tailcallhq/core-win32-x64-msvc/-/core-win32-x64-msvc-0.99.19.tgz",
      "integrity": "sha512-4lwbuwKYLNgQdxgw4dc6cCq9VKgVOV67vCBXzHb9ikaBFGHLPo4A9cyvDUnIFRJIuxwRUsSmIur4hCA6ty71GA==",
      "cpu": [
        "x64"
      ],
      "license": "Apache-2.0",
      "optional": true,
      "os": [
        "win32"
      ],
      "bin": {
        "tailcall": "bin/tailcall.exe"
      }
    },
    "node_modules/@tailcallhq/tailcall": {
      "version": "0.99.19",
      "resolved": "https://registry.npmjs.org/@tailcallhq/tailcall/-/tailcall-0.99.19.tgz",
      "integrity": "sha512-Qzg7TbHUuTvv0vbbpcTH2oCfEDI2oWUKMWBfsMqX41XjhLeJJCSLwJ/7E/glkhjHzO+MHJZzKqSeyW2T+HVzGg==",
      "hasInstallScript": true,
      "license": "Apache-2.0",
      "dependencies": {
        "@scarf/scarf": "^1.3.0",
        "detect-libc": "^2.0.2"
      },
      "optionalDependencies": {
        "@tailcallhq/core-darwin-arm64": "v0.99.19",
        "@tailcallhq/core-darwin-x64": "v0.99.19",
        "@tailcallhq/core-linux-arm64-gnu": "v0.99.19",
        "@tailcallhq/core-linux-arm64-musl": "v0.99.19",
        "@tailcallhq/core-linux-ia32-gnu": "v0.99.19",
        "@tailcallhq/core-linux-x64-gnu": "v0.99.19",
        "@tailcallhq/core-linux-x64-musl": "v0.99.19",
        "@tailcallhq/core-win32-arm64-msvc": "v0.99.19",
        "@tailcallhq/core-win32-ia32-msvc": "v0.99.19",
        "@tailcallhq/core-win32-x64-msvc": "v0.99.19"
      }
    },
    "node_modules/detect-libc": {
      "version": "2.0.3",
      "resolved": "https://registry.npmjs.org/detect-libc/-/detect-libc-2.0.3.tgz",
      "integrity": "sha512-bwy0MGW55bG41VqxxypOsdSdGqLwXPI/focwgTYCFMbdUiBAxLg9CFzG08sz2aqzknwiX7Hkl0bQENjg8iLByw==",
      "engines": {
        "node": ">=8"
      }
    }
  }
}
