{
  "name": "tailcall",
  "lockfileVersion": 3,
  "requires": true,
  "packages": {
    "": {
      "name": "tailcall",
      "license": "ISC",
      "dependencies": {
        "@tailcallhq/tailcall": "0.129.0"
      }
    },
    "node_modules/@scarf/scarf": {
      "version": "1.3.0",
      "resolved": "https://registry.npmjs.org/@scarf/scarf/-/scarf-1.3.0.tgz",
      "integrity": "sha512-lHKK8M5CTcpFj2hZDB3wIjb0KAbEOgDmiJGDv1WBRfQgRm/a8/XMEkG/N1iM01xgbUDsPQwi42D+dFo1XPAKew==",
      "hasInstallScript": true
    },
    "node_modules/@tailcallhq/core-darwin-arm64": {
      "version": "0.129.0",
      "resolved": "https://registry.npmjs.org/@tailcallhq/core-darwin-arm64/-/core-darwin-arm64-0.129.0.tgz",
      "integrity": "sha512-xwoMApnVTQ5dlu+HqQ8N/1+ueZK6SDIz1tiHpz1fITtH6YA0PuLXGhcncCblLS77ud3XQKC3F7EOPxU9rbVkYQ==",
      "cpu": [
        "arm64"
      ],
      "license": "Apache-2.0",
      "optional": true,
      "os": [
        "darwin"
      ],
      "bin": {
        "tailcall": "bin/tailcall"
      }
    },
    "node_modules/@tailcallhq/core-darwin-x64": {
      "version": "0.129.0",
      "resolved": "https://registry.npmjs.org/@tailcallhq/core-darwin-x64/-/core-darwin-x64-0.129.0.tgz",
      "integrity": "sha512-0FnhV/+xkjwQfYZGsSU2dKH0t3B7gQVqfa8OqvNiQNTJ5LjYdAWkv3zZJwLTZxFzSsoPZBrS7hXTONXHIR7Kng==",
      "cpu": [
        "x64"
      ],
      "license": "Apache-2.0",
      "optional": true,
      "os": [
        "darwin"
      ],
      "bin": {
        "tailcall": "bin/tailcall"
      }
    },
    "node_modules/@tailcallhq/core-linux-arm64-gnu": {
      "version": "0.129.0",
      "resolved": "https://registry.npmjs.org/@tailcallhq/core-linux-arm64-gnu/-/core-linux-arm64-gnu-0.129.0.tgz",
      "integrity": "sha512-LTh+Qfxkwlpn4/bFGlGzRZAET+vhlATFcu0G0GpYSbwXMncRNLdqeu0PP4K/TFcj/wIQTTXx2AcEn5Qlc87FZQ==",
      "cpu": [
        "arm64"
      ],
      "license": "Apache-2.0",
      "optional": true,
      "os": [
        "linux"
      ],
      "bin": {
        "tailcall": "bin/tailcall"
      }
    },
    "node_modules/@tailcallhq/core-linux-arm64-musl": {
      "version": "0.129.0",
      "resolved": "https://registry.npmjs.org/@tailcallhq/core-linux-arm64-musl/-/core-linux-arm64-musl-0.129.0.tgz",
      "integrity": "sha512-bEU0iCqV4ZWjGyNTbYUU1GR91D9LxCT9eMRiPP7Y2G+2GgFiobegBddG3IkojaBrjkOvfdpKjE/k/fqSzVvauw==",
      "cpu": [
        "arm64"
      ],
      "license": "Apache-2.0",
      "optional": true,
      "os": [
        "linux"
      ],
      "bin": {
        "tailcall": "bin/tailcall"
      }
    },
    "node_modules/@tailcallhq/core-linux-ia32-gnu": {
      "version": "0.129.0",
      "resolved": "https://registry.npmjs.org/@tailcallhq/core-linux-ia32-gnu/-/core-linux-ia32-gnu-0.129.0.tgz",
      "integrity": "sha512-88iAX0qZoBwn5ZukKq5DMUASzg06W5XHxQ0rTcumsO3nNzqqZqf+ijp6kwJ0orSEmRBrJqjcCW5xCGrY32ZXZw==",
      "cpu": [
        "ia32"
      ],
      "license": "Apache-2.0",
      "optional": true,
      "os": [
        "linux"
      ],
      "bin": {
        "tailcall": "bin/tailcall"
      }
    },
    "node_modules/@tailcallhq/core-linux-x64-gnu": {
      "version": "0.129.0",
      "resolved": "https://registry.npmjs.org/@tailcallhq/core-linux-x64-gnu/-/core-linux-x64-gnu-0.129.0.tgz",
      "integrity": "sha512-T7bEMTUmi1BjX8ScwAVbhWCB4mFu5SbqD+zcn+mp4A1KPfCRQrz4ZoNTmDd3zPdvnislASrksyfTKJUw4rLXWw==",
      "cpu": [
        "x64"
      ],
      "license": "Apache-2.0",
      "optional": true,
      "os": [
        "linux"
      ],
      "bin": {
        "tailcall": "bin/tailcall"
      }
    },
    "node_modules/@tailcallhq/core-linux-x64-musl": {
      "version": "0.129.0",
      "resolved": "https://registry.npmjs.org/@tailcallhq/core-linux-x64-musl/-/core-linux-x64-musl-0.129.0.tgz",
      "integrity": "sha512-UIeHZhBImhJjkGQlTip//bkf/BSDd57COroGpwdqcycTIPVC9v8CJW/z8caLfj2RBrDTv8XKMmtyE8aO0h02SA==",
      "cpu": [
        "x64"
      ],
      "license": "Apache-2.0",
      "optional": true,
      "os": [
        "linux"
      ],
      "bin": {
        "tailcall": "bin/tailcall"
      }
    },
    "node_modules/@tailcallhq/core-win32-arm64-msvc": {
      "version": "0.129.0",
      "resolved": "https://registry.npmjs.org/@tailcallhq/core-win32-arm64-msvc/-/core-win32-arm64-msvc-0.129.0.tgz",
      "integrity": "sha512-GY36mVXMT4ZHT6R6pOG2sfcIvFoR0NTJ1xOliGfKm+EpcnbWdcjkGaNTozQpX9SmdTRzhcnU9ceFXaMBuOzNhw==",
      "cpu": [
        "arm64"
      ],
      "license": "Apache-2.0",
      "optional": true,
      "os": [
        "win32"
      ],
      "bin": {
        "tailcall": "bin/tailcall.exe"
      }
    },
    "node_modules/@tailcallhq/core-win32-ia32-msvc": {
      "version": "0.129.0",
      "resolved": "https://registry.npmjs.org/@tailcallhq/core-win32-ia32-msvc/-/core-win32-ia32-msvc-0.129.0.tgz",
      "integrity": "sha512-NGW8CWpmS8TZAuFFU2rgEgA9+rRIwbN4Qk8LYB/y3ULKSvN9TOG6tRubOfX+hXBa8HlUKww+w31Ub29PxpcWEA==",
      "cpu": [
        "ia32"
      ],
      "license": "Apache-2.0",
      "optional": true,
      "os": [
        "win32"
      ],
      "bin": {
        "tailcall": "bin/tailcall.exe"
      }
    },
    "node_modules/@tailcallhq/core-win32-x64-msvc": {
      "version": "0.129.0",
      "resolved": "https://registry.npmjs.org/@tailcallhq/core-win32-x64-msvc/-/core-win32-x64-msvc-0.129.0.tgz",
      "integrity": "sha512-mImBFjyVHCtrDXbROiQQpucidTi2EFvKOQNfEa4reH0GXvVuvl6R1r9iLTghXxnqJfDRmN4nbMJxmYpTT/S0/A==",
      "cpu": [
        "x64"
      ],
      "license": "Apache-2.0",
      "optional": true,
      "os": [
        "win32"
      ],
      "bin": {
        "tailcall": "bin/tailcall.exe"
      }
    },
    "node_modules/@tailcallhq/tailcall": {
      "version": "0.129.0",
      "resolved": "https://registry.npmjs.org/@tailcallhq/tailcall/-/tailcall-0.129.0.tgz",
      "integrity": "sha512-zZfZLkElUPYPCZaVq7QOxFjEfBAIj+sUhmAX+cAGDTEXnslBwG/uVQ/EXpVEPcY7eHm8sVyWBqJlLuXBBgLH8g==",
      "hasInstallScript": true,
      "license": "Apache-2.0",
      "dependencies": {
        "@scarf/scarf": "^1.3.0",
        "detect-libc": "^2.0.2"
      },
      "optionalDependencies": {
        "@tailcallhq/core-darwin-arm64": "v0.129.0",
        "@tailcallhq/core-darwin-x64": "v0.129.0",
        "@tailcallhq/core-linux-arm64-gnu": "v0.129.0",
        "@tailcallhq/core-linux-arm64-musl": "v0.129.0",
        "@tailcallhq/core-linux-ia32-gnu": "v0.129.0",
        "@tailcallhq/core-linux-x64-gnu": "v0.129.0",
        "@tailcallhq/core-linux-x64-musl": "v0.129.0",
        "@tailcallhq/core-win32-arm64-msvc": "v0.129.0",
        "@tailcallhq/core-win32-ia32-msvc": "v0.129.0",
        "@tailcallhq/core-win32-x64-msvc": "v0.129.0"
      }
    },
    "node_modules/detect-libc": {
      "version": "2.0.3",
      "resolved": "https://registry.npmjs.org/detect-libc/-/detect-libc-2.0.3.tgz",
      "integrity": "sha512-bwy0MGW55bG41VqxxypOsdSdGqLwXPI/focwgTYCFMbdUiBAxLg9CFzG08sz2aqzknwiX7Hkl0bQENjg8iLByw==",
      "engines": {
        "node": ">=8"
      }
    }
  }
}
