{
  "name": "tailcall",
  "lockfileVersion": 3,
  "requires": true,
  "packages": {
    "": {
      "name": "tailcall",
      "license": "ISC",
      "dependencies": {
        "@tailcallhq/tailcall": "0.84.0"
      }
    },
    "node_modules/@scarf/scarf": {
      "version": "1.3.0",
      "resolved": "https://registry.npmjs.org/@scarf/scarf/-/scarf-1.3.0.tgz",
      "integrity": "sha512-lHKK8M5CTcpFj2hZDB3wIjb0KAbEOgDmiJGDv1WBRfQgRm/a8/XMEkG/N1iM01xgbUDsPQwi42D+dFo1XPAKew==",
      "hasInstallScript": true
    },
    "node_modules/@tailcallhq/core-darwin-arm64": {
      "version": "0.84.0",
      "resolved": "https://registry.npmjs.org/@tailcallhq/core-darwin-arm64/-/core-darwin-arm64-0.84.0.tgz",
      "integrity": "sha512-UoZuvnhuRmiFp2m9m+v5Fayt3wRw/pySvU8IMnfRSs7xhMhHi2tzPPWvlkhsdNIk5pFPTOVUdNFWk8XLnXkBIQ==",
      "cpu": [
        "arm64"
      ],
      "license": "Apache-2.0",
      "optional": true,
      "os": [
        "darwin"
      ],
      "bin": {
        "tailcall": "bin/tailcall"
      }
    },
    "node_modules/@tailcallhq/core-darwin-x64": {
      "version": "0.84.0",
      "resolved": "https://registry.npmjs.org/@tailcallhq/core-darwin-x64/-/core-darwin-x64-0.84.0.tgz",
      "integrity": "sha512-Ay5d0zdsm53+miuJDhgx0WFMpzzP9bhz5VRBxO0hZa0YiznsgYJooKjNVUQYrx8IPHWqCE/A7DkZv9tOsV9MrQ==",
      "cpu": [
        "x64"
      ],
      "license": "Apache-2.0",
      "optional": true,
      "os": [
        "darwin"
      ],
      "bin": {
        "tailcall": "bin/tailcall"
      }
    },
    "node_modules/@tailcallhq/core-linux-arm64-gnu": {
      "version": "0.84.0",
      "resolved": "https://registry.npmjs.org/@tailcallhq/core-linux-arm64-gnu/-/core-linux-arm64-gnu-0.84.0.tgz",
      "integrity": "sha512-w1LTsJr1snah3jYBKtYEPmnJmmsb/WPpeNCYISxSgTApAaoeCbz2H8aWmCfRx7I8d1wsWpXrrbpZwou3lhdxBQ==",
      "cpu": [
        "arm64"
      ],
      "license": "Apache-2.0",
      "optional": true,
      "os": [
        "linux"
      ],
      "bin": {
        "tailcall": "bin/tailcall"
      }
    },
    "node_modules/@tailcallhq/core-linux-arm64-musl": {
      "version": "0.84.0",
      "resolved": "https://registry.npmjs.org/@tailcallhq/core-linux-arm64-musl/-/core-linux-arm64-musl-0.84.0.tgz",
      "integrity": "sha512-ABBJusZ1YBRFi8f7ZrrqoCdQ/+B10bYmNZItmagHdeLol1JwviUMm2QwMHahF7noKa6ZYqMmMvdjnyb6OviJAg==",
      "cpu": [
        "arm64"
      ],
      "license": "Apache-2.0",
      "optional": true,
      "os": [
        "linux"
      ],
      "bin": {
        "tailcall": "bin/tailcall"
      }
    },
    "node_modules/@tailcallhq/core-linux-ia32-gnu": {
      "version": "0.84.0",
      "resolved": "https://registry.npmjs.org/@tailcallhq/core-linux-ia32-gnu/-/core-linux-ia32-gnu-0.84.0.tgz",
      "integrity": "sha512-VhKmXhaPtR1oS4u6Cg/4Kf5qhyIRarjIWfUNhy96H1pcccnVvz5yvPJLn0eRyD0KSPnF/loj1OExjCvBTwayEg==",
      "cpu": [
        "ia32"
      ],
      "license": "Apache-2.0",
      "optional": true,
      "os": [
        "linux"
      ],
      "bin": {
        "tailcall": "bin/tailcall"
      }
    },
    "node_modules/@tailcallhq/core-linux-x64-gnu": {
      "version": "0.84.0",
      "resolved": "https://registry.npmjs.org/@tailcallhq/core-linux-x64-gnu/-/core-linux-x64-gnu-0.84.0.tgz",
      "integrity": "sha512-dzk1jooo4CKL5U9n4ir7960vdXPxx2taUbINsYYdQhKoFPzMuEDajwsyzpLa+In9n47pbuXz0e1vYKNByMxNLQ==",
      "cpu": [
        "x64"
      ],
      "license": "Apache-2.0",
      "optional": true,
      "os": [
        "linux"
      ],
      "bin": {
        "tailcall": "bin/tailcall"
      }
    },
    "node_modules/@tailcallhq/core-linux-x64-musl": {
      "version": "0.84.0",
      "resolved": "https://registry.npmjs.org/@tailcallhq/core-linux-x64-musl/-/core-linux-x64-musl-0.84.0.tgz",
      "integrity": "sha512-mMvKqhwjHp3zkzfkv9tfQfpzrLecAsn5/kYIUf0K7TwdG2b1mSwJNRHvtXxSm1iHqSMkYfeWTZ6reVqylnrk+w==",
      "cpu": [
        "x64"
      ],
      "license": "Apache-2.0",
      "optional": true,
      "os": [
        "linux"
      ],
      "bin": {
        "tailcall": "bin/tailcall"
      }
    },
    "node_modules/@tailcallhq/core-win32-arm64-msvc": {
      "version": "0.84.0",
      "resolved": "https://registry.npmjs.org/@tailcallhq/core-win32-arm64-msvc/-/core-win32-arm64-msvc-0.84.0.tgz",
      "integrity": "sha512-adtchmQrgUAmDcpWgDWvg+Dqx3OGGocFpLa31UuQNlPIru52uizuVriYBJDLwdM9jbaX6hpaGGu3xw1Zhn9F8w==",
      "cpu": [
        "arm64"
      ],
      "license": "Apache-2.0",
      "optional": true,
      "os": [
        "win32"
      ],
      "bin": {
        "tailcall": "bin/tailcall.exe"
      }
    },
    "node_modules/@tailcallhq/core-win32-ia32-gnu": {
      "version": "0.84.0",
      "resolved": "https://registry.npmjs.org/@tailcallhq/core-win32-ia32-gnu/-/core-win32-ia32-gnu-0.84.0.tgz",
      "integrity": "sha512-u48r+BNq+y5mmwA7v5r0qcScmtm79c3YCGjkCdJQfQVSnjpTNj2dLfTsIGhra/oyhnMt+0WNB2rbTfyxkZM5Bw==",
      "cpu": [
        "ia32"
      ],
      "license": "Apache-2.0",
      "optional": true,
      "os": [
        "win32"
      ],
      "bin": {
        "tailcall": "bin/tailcall.exe"
      }
    },
    "node_modules/@tailcallhq/core-win32-x64-gnu": {
      "version": "0.84.0",
      "resolved": "https://registry.npmjs.org/@tailcallhq/core-win32-x64-gnu/-/core-win32-x64-gnu-0.84.0.tgz",
      "integrity": "sha512-oJEuocvD3KCmj5r7cBQFpP3txA1XNcYRLfMYkhaeZdRAQqbXzd7CRC8MCuUQa88wU1cHisVt9oMtA2RYta6EwA==",
      "cpu": [
        "x64"
      ],
      "license": "Apache-2.0",
      "optional": true,
      "os": [
        "win32"
      ],
      "bin": {
        "tailcall": "bin/tailcall.exe"
      }
    },
    "node_modules/@tailcallhq/core-win32-x64-msvc": {
      "version": "0.84.0",
      "resolved": "https://registry.npmjs.org/@tailcallhq/core-win32-x64-msvc/-/core-win32-x64-msvc-0.84.0.tgz",
      "integrity": "sha512-nfm5T7Nv1s7vsklum0hCOWoROEzPJtcFGuT6bTJupaAjUUkZXYm95+ziay4hIMgGCJxb2g4HnSPkg3HtxzL9Eg==",
      "cpu": [
        "x64"
      ],
      "license": "Apache-2.0",
      "optional": true,
      "os": [
        "win32"
      ],
      "bin": {
        "tailcall": "bin/tailcall.exe"
      }
    },
    "node_modules/@tailcallhq/tailcall": {
      "version": "0.84.0",
      "resolved": "https://registry.npmjs.org/@tailcallhq/tailcall/-/tailcall-0.84.0.tgz",
      "integrity": "sha512-oUh8qYCQeZVQdmI3o0G/31KBRvkkGrdqW9hO70/QGvfMUiAg9L6YJCP59am3tLZ2stQ4aP+G2zBxra4ZkcACRg==",
      "hasInstallScript": true,
      "license": "Apache-2.0",
      "dependencies": {
        "@scarf/scarf": "^1.3.0",
        "detect-libc": "^2.0.2"
      },
      "optionalDependencies": {
        "@tailcallhq/core-darwin-arm64": "v0.84.0",
        "@tailcallhq/core-darwin-x64": "v0.84.0",
        "@tailcallhq/core-linux-arm64-gnu": "v0.84.0",
        "@tailcallhq/core-linux-arm64-musl": "v0.84.0",
        "@tailcallhq/core-linux-ia32-gnu": "v0.84.0",
        "@tailcallhq/core-linux-x64-gnu": "v0.84.0",
        "@tailcallhq/core-linux-x64-musl": "v0.84.0",
        "@tailcallhq/core-win32-arm64-msvc": "v0.84.0",
        "@tailcallhq/core-win32-ia32-gnu": "v0.84.0",
        "@tailcallhq/core-win32-x64-gnu": "v0.84.0",
        "@tailcallhq/core-win32-x64-msvc": "v0.84.0"
      }
    },
    "node_modules/detect-libc": {
      "version": "2.0.3",
      "resolved": "https://registry.npmjs.org/detect-libc/-/detect-libc-2.0.3.tgz",
      "integrity": "sha512-bwy0MGW55bG41VqxxypOsdSdGqLwXPI/focwgTYCFMbdUiBAxLg9CFzG08sz2aqzknwiX7Hkl0bQENjg8iLByw==",
      "engines": {
        "node": ">=8"
      }
    }
  }
}
